// !$*UTF8*$!
{
	archiveVersion = 1;
	classes = {
	};
	objectVersion = 52;
	objects = {

/* Begin PBXBuildFile section */
		E138490026249B4B00DF9D1D /* StatsView.swift in Sources */ = {isa = PBXBuildFile; fileRef = E13848FF26249B4B00DF9D1D /* StatsView.swift */; };
		E13849092624A07800DF9D1D /* FirebaseFirestore in Frameworks */ = {isa = PBXBuildFile; productRef = E13849082624A07800DF9D1D /* FirebaseFirestore */; };
		E138490B2624A07800DF9D1D /* FirebaseFirestoreSwift-Beta in Frameworks */ = {isa = PBXBuildFile; productRef = E138490A2624A07800DF9D1D /* FirebaseFirestoreSwift-Beta */; };
		E151EAD825A98B4B007B2995 /* AppDelegate.swift in Sources */ = {isa = PBXBuildFile; fileRef = E151EAD725A98B4B007B2995 /* AppDelegate.swift */; };
		E151EADA25A98B4B007B2995 /* SceneDelegate.swift in Sources */ = {isa = PBXBuildFile; fileRef = E151EAD925A98B4B007B2995 /* SceneDelegate.swift */; };
		E151EADC25A98B4B007B2995 /* ContentView.swift in Sources */ = {isa = PBXBuildFile; fileRef = E151EADB25A98B4B007B2995 /* ContentView.swift */; };
		E151EADE25A98B4D007B2995 /* Assets.xcassets in Resources */ = {isa = PBXBuildFile; fileRef = E151EADD25A98B4D007B2995 /* Assets.xcassets */; };
		E151EAE125A98B4D007B2995 /* Preview Assets.xcassets in Resources */ = {isa = PBXBuildFile; fileRef = E151EAE025A98B4D007B2995 /* Preview Assets.xcassets */; };
		E151EAE425A98B4D007B2995 /* LaunchScreen.storyboard in Resources */ = {isa = PBXBuildFile; fileRef = E151EAE225A98B4D007B2995 /* LaunchScreen.storyboard */; };
		E151EAED25A98B72007B2995 /* WebView.swift in Sources */ = {isa = PBXBuildFile; fileRef = E151EAEC25A98B72007B2995 /* WebView.swift */; };
		E151EAF025A98B8A007B2995 /* BrowsingView.swift in Sources */ = {isa = PBXBuildFile; fileRef = E151EAEF25A98B8A007B2995 /* BrowsingView.swift */; };
		E151EAF525A98D84007B2995 /* BlurView.swift in Sources */ = {isa = PBXBuildFile; fileRef = E151EAF425A98D84007B2995 /* BlurView.swift */; };
		E151EAF825A98E25007B2995 /* FavWebsites.swift in Sources */ = {isa = PBXBuildFile; fileRef = E151EAF725A98E25007B2995 /* FavWebsites.swift */; };
		E151EAFC25A99385007B2995 /* SearchBarView.swift in Sources */ = {isa = PBXBuildFile; fileRef = E151EAFB25A99385007B2995 /* SearchBarView.swift */; };
		E151EAFF25A999BF007B2995 /* Points.swift in Sources */ = {isa = PBXBuildFile; fileRef = E151EAFE25A999BF007B2995 /* Points.swift */; };
		E151EB0325A99B7D007B2995 /* GoogleService-Info.plist in Resources */ = {isa = PBXBuildFile; fileRef = E151EB0225A99B7D007B2995 /* GoogleService-Info.plist */; };
/* End PBXBuildFile section */

/* Begin PBXFileReference section */
		0251D987FCA6E7DAB1A811AE /* Pods-StudyWebBrowser.release.xcconfig */ = {isa = PBXFileReference; includeInIndex = 1; lastKnownFileType = text.xcconfig; name = "Pods-StudyWebBrowser.release.xcconfig"; path = "Target Support Files/Pods-StudyWebBrowser/Pods-StudyWebBrowser.release.xcconfig"; sourceTree = "<group>"; };
		7542B96149F8BEE0A21DB852 /* Pods_StudyWebBrowser.framework */ = {isa = PBXFileReference; explicitFileType = wrapper.framework; includeInIndex = 0; path = Pods_StudyWebBrowser.framework; sourceTree = BUILT_PRODUCTS_DIR; };
		E13848FF26249B4B00DF9D1D /* StatsView.swift */ = {isa = PBXFileReference; lastKnownFileType = sourcecode.swift; path = StatsView.swift; sourceTree = "<group>"; };
		E138490226249BCD00DF9D1D /* StudyWebBrowser.entitlements */ = {isa = PBXFileReference; lastKnownFileType = text.plist.entitlements; path = StudyWebBrowser.entitlements; sourceTree = "<group>"; };
		E151EAD425A98B4B007B2995 /* StudyWebBrowser.app */ = {isa = PBXFileReference; explicitFileType = wrapper.application; includeInIndex = 0; path = StudyWebBrowser.app; sourceTree = BUILT_PRODUCTS_DIR; };
		E151EAD725A98B4B007B2995 /* AppDelegate.swift */ = {isa = PBXFileReference; lastKnownFileType = sourcecode.swift; path = AppDelegate.swift; sourceTree = "<group>"; };
		E151EAD925A98B4B007B2995 /* SceneDelegate.swift */ = {isa = PBXFileReference; lastKnownFileType = sourcecode.swift; path = SceneDelegate.swift; sourceTree = "<group>"; };
		E151EADB25A98B4B007B2995 /* ContentView.swift */ = {isa = PBXFileReference; lastKnownFileType = sourcecode.swift; path = ContentView.swift; sourceTree = "<group>"; };
		E151EADD25A98B4D007B2995 /* Assets.xcassets */ = {isa = PBXFileReference; lastKnownFileType = folder.assetcatalog; path = Assets.xcassets; sourceTree = "<group>"; };
		E151EAE025A98B4D007B2995 /* Preview Assets.xcassets */ = {isa = PBXFileReference; lastKnownFileType = folder.assetcatalog; path = "Preview Assets.xcassets"; sourceTree = "<group>"; };
		E151EAE325A98B4D007B2995 /* Base */ = {isa = PBXFileReference; lastKnownFileType = file.storyboard; name = Base; path = Base.lproj/LaunchScreen.storyboard; sourceTree = "<group>"; };
		E151EAE525A98B4D007B2995 /* Info.plist */ = {isa = PBXFileReference; lastKnownFileType = text.plist.xml; path = Info.plist; sourceTree = "<group>"; };
		E151EAEC25A98B72007B2995 /* WebView.swift */ = {isa = PBXFileReference; lastKnownFileType = sourcecode.swift; path = WebView.swift; sourceTree = "<group>"; };
		E151EAEF25A98B8A007B2995 /* BrowsingView.swift */ = {isa = PBXFileReference; lastKnownFileType = sourcecode.swift; path = BrowsingView.swift; sourceTree = "<group>"; };
		E151EAF425A98D84007B2995 /* BlurView.swift */ = {isa = PBXFileReference; lastKnownFileType = sourcecode.swift; path = BlurView.swift; sourceTree = "<group>"; };
		E151EAF725A98E25007B2995 /* FavWebsites.swift */ = {isa = PBXFileReference; lastKnownFileType = sourcecode.swift; path = FavWebsites.swift; sourceTree = "<group>"; };
		E151EAFB25A99385007B2995 /* SearchBarView.swift */ = {isa = PBXFileReference; lastKnownFileType = sourcecode.swift; path = SearchBarView.swift; sourceTree = "<group>"; };
		E151EAFE25A999BF007B2995 /* Points.swift */ = {isa = PBXFileReference; lastKnownFileType = sourcecode.swift; path = Points.swift; sourceTree = "<group>"; };
		E151EB0225A99B7D007B2995 /* GoogleService-Info.plist */ = {isa = PBXFileReference; fileEncoding = 4; lastKnownFileType = text.plist.xml; path = "GoogleService-Info.plist"; sourceTree = "<group>"; };
		E5FAC75390EB238500CAD79F /* Pods-StudyWebBrowser.debug.xcconfig */ = {isa = PBXFileReference; includeInIndex = 1; lastKnownFileType = text.xcconfig; name = "Pods-StudyWebBrowser.debug.xcconfig"; path = "Target Support Files/Pods-StudyWebBrowser/Pods-StudyWebBrowser.debug.xcconfig"; sourceTree = "<group>"; };
/* End PBXFileReference section */

/* Begin PBXFrameworksBuildPhase section */
		E151EAD125A98B4B007B2995 /* Frameworks */ = {
			isa = PBXFrameworksBuildPhase;
			buildActionMask = 2147483647;
			files = (
				E138490B2624A07800DF9D1D /* FirebaseFirestoreSwift-Beta in Frameworks */,
				E13849092624A07800DF9D1D /* FirebaseFirestore in Frameworks */,
			);
			runOnlyForDeploymentPostprocessing = 0;
		};
/* End PBXFrameworksBuildPhase section */

/* Begin PBXGroup section */
		5C965DEB8D0ADB4D180A1091 /* Pods */ = {
			isa = PBXGroup;
			children = (
				E5FAC75390EB238500CAD79F /* Pods-StudyWebBrowser.debug.xcconfig */,
				0251D987FCA6E7DAB1A811AE /* Pods-StudyWebBrowser.release.xcconfig */,
			);
			path = Pods;
			sourceTree = "<group>";
		};
		E151EACB25A98B4B007B2995 = {
			isa = PBXGroup;
			children = (
				E151EAD625A98B4B007B2995 /* StudyWebBrowser */,
				E151EAD525A98B4B007B2995 /* Products */,
				F80E9F20DF4223A5885F04F7 /* Frameworks */,
				5C965DEB8D0ADB4D180A1091 /* Pods */,
			);
			sourceTree = "<group>";
		};
		E151EAD525A98B4B007B2995 /* Products */ = {
			isa = PBXGroup;
			children = (
				E151EAD425A98B4B007B2995 /* StudyWebBrowser.app */,
			);
			name = Products;
			sourceTree = "<group>";
		};
		E151EAD625A98B4B007B2995 /* StudyWebBrowser */ = {
			isa = PBXGroup;
			children = (
				E138490226249BCD00DF9D1D /* StudyWebBrowser.entitlements */,
				E151EAD725A98B4B007B2995 /* AppDelegate.swift */,
				E13848FF26249B4B00DF9D1D /* StatsView.swift */,
				E151EAD925A98B4B007B2995 /* SceneDelegate.swift */,
				E151EADB25A98B4B007B2995 /* ContentView.swift */,
				E151EB0225A99B7D007B2995 /* GoogleService-Info.plist */,
				E151EAFB25A99385007B2995 /* SearchBarView.swift */,
				E151EAEF25A98B8A007B2995 /* BrowsingView.swift */,
				E151EAFE25A999BF007B2995 /* Points.swift */,
				E151EAF725A98E25007B2995 /* FavWebsites.swift */,
				E151EAF425A98D84007B2995 /* BlurView.swift */,
				E151EAEC25A98B72007B2995 /* WebView.swift */,
				E151EADD25A98B4D007B2995 /* Assets.xcassets */,
				E151EAE225A98B4D007B2995 /* LaunchScreen.storyboard */,
				E151EAE525A98B4D007B2995 /* Info.plist */,
				E151EADF25A98B4D007B2995 /* Preview Content */,
			);
			path = StudyWebBrowser;
			sourceTree = "<group>";
		};
		E151EADF25A98B4D007B2995 /* Preview Content */ = {
			isa = PBXGroup;
			children = (
				E151EAE025A98B4D007B2995 /* Preview Assets.xcassets */,
			);
			path = "Preview Content";
			sourceTree = "<group>";
		};
		F80E9F20DF4223A5885F04F7 /* Frameworks */ = {
			isa = PBXGroup;
			children = (
				7542B96149F8BEE0A21DB852 /* Pods_StudyWebBrowser.framework */,
			);
			name = Frameworks;
			sourceTree = "<group>";
		};
/* End PBXGroup section */

/* Begin PBXNativeTarget section */
		E151EAD325A98B4B007B2995 /* StudyWebBrowser */ = {
			isa = PBXNativeTarget;
			buildConfigurationList = E151EAE825A98B4D007B2995 /* Build configuration list for PBXNativeTarget "StudyWebBrowser" */;
			buildPhases = (
				5C7700DF964A4EC96940685A /* [CP] Check Pods Manifest.lock */,
				E151EAD025A98B4B007B2995 /* Sources */,
				E151EAD125A98B4B007B2995 /* Frameworks */,
				E151EAD225A98B4B007B2995 /* Resources */,
			);
			buildRules = (
			);
			dependencies = (
			);
			name = StudyWebBrowser;
			packageProductDependencies = (
				E13849082624A07800DF9D1D /* FirebaseFirestore */,
				E138490A2624A07800DF9D1D /* FirebaseFirestoreSwift-Beta */,
			);
			productName = StudyWebBrowser;
			productReference = E151EAD425A98B4B007B2995 /* StudyWebBrowser.app */;
			productType = "com.apple.product-type.application";
		};
/* End PBXNativeTarget section */

/* Begin PBXProject section */
		E151EACC25A98B4B007B2995 /* Project object */ = {
			isa = PBXProject;
			attributes = {
				LastSwiftUpdateCheck = 1230;
				LastUpgradeCheck = 1230;
				TargetAttributes = {
					E151EAD325A98B4B007B2995 = {
						CreatedOnToolsVersion = 12.3;
					};
				};
			};
			buildConfigurationList = E151EACF25A98B4B007B2995 /* Build configuration list for PBXProject "StudyWebBrowser" */;
			compatibilityVersion = "Xcode 9.3";
			developmentRegion = en;
			hasScannedForEncodings = 0;
			knownRegions = (
				en,
				Base,
			);
			mainGroup = E151EACB25A98B4B007B2995;
			packageReferences = (
				E13849072624A07800DF9D1D /* XCRemoteSwiftPackageReference "firebase-ios-sdk" */,
			);
			productRefGroup = E151EAD525A98B4B007B2995 /* Products */;
			projectDirPath = "";
			projectRoot = "";
			targets = (
				E151EAD325A98B4B007B2995 /* StudyWebBrowser */,
			);
		};
/* End PBXProject section */

/* Begin PBXResourcesBuildPhase section */
		E151EAD225A98B4B007B2995 /* Resources */ = {
			isa = PBXResourcesBuildPhase;
			buildActionMask = 2147483647;
			files = (
				E151EAE425A98B4D007B2995 /* LaunchScreen.storyboard in Resources */,
				E151EB0325A99B7D007B2995 /* GoogleService-Info.plist in Resources */,
				E151EAE125A98B4D007B2995 /* Preview Assets.xcassets in Resources */,
				E151EADE25A98B4D007B2995 /* Assets.xcassets in Resources */,
			);
			runOnlyForDeploymentPostprocessing = 0;
		};
/* End PBXResourcesBuildPhase section */

/* Begin PBXShellScriptBuildPhase section */
		5C7700DF964A4EC96940685A /* [CP] Check Pods Manifest.lock */ = {
			isa = PBXShellScriptBuildPhase;
			buildActionMask = 2147483647;
			files = (
			);
			inputFileListPaths = (
			);
			inputPaths = (
				"${PODS_PODFILE_DIR_PATH}/Podfile.lock",
				"${PODS_ROOT}/Manifest.lock",
			);
			name = "[CP] Check Pods Manifest.lock";
			outputFileListPaths = (
			);
			outputPaths = (
				"$(DERIVED_FILE_DIR)/Pods-StudyWebBrowser-checkManifestLockResult.txt",
			);
			runOnlyForDeploymentPostprocessing = 0;
			shellPath = /bin/sh;
			shellScript = "diff \"${PODS_PODFILE_DIR_PATH}/Podfile.lock\" \"${PODS_ROOT}/Manifest.lock\" > /dev/null\nif [ $? != 0 ] ; then\n    # print error to STDERR\n    echo \"error: The sandbox is not in sync with the Podfile.lock. Run 'pod install' or update your CocoaPods installation.\" >&2\n    exit 1\nfi\n# This output is used by Xcode 'outputs' to avoid re-running this script phase.\necho \"SUCCESS\" > \"${SCRIPT_OUTPUT_FILE_0}\"\n";
			showEnvVarsInLog = 0;
		};
/* End PBXShellScriptBuildPhase section */

/* Begin PBXSourcesBuildPhase section */
		E151EAD025A98B4B007B2995 /* Sources */ = {
			isa = PBXSourcesBuildPhase;
			buildActionMask = 2147483647;
			files = (
				E151EAD825A98B4B007B2995 /* AppDelegate.swift in Sources */,
				E151EAFF25A999BF007B2995 /* Points.swift in Sources */,
				E151EAF825A98E25007B2995 /* FavWebsites.swift in Sources */,
				E151EAED25A98B72007B2995 /* WebView.swift in Sources */,
				E151EAF025A98B8A007B2995 /* BrowsingView.swift in Sources */,
				E151EAFC25A99385007B2995 /* SearchBarView.swift in Sources */,
				E138490026249B4B00DF9D1D /* StatsView.swift in Sources */,
				E151EADA25A98B4B007B2995 /* SceneDelegate.swift in Sources */,
				E151EADC25A98B4B007B2995 /* ContentView.swift in Sources */,
				E151EAF525A98D84007B2995 /* BlurView.swift in Sources */,
			);
			runOnlyForDeploymentPostprocessing = 0;
		};
/* End PBXSourcesBuildPhase section */

/* Begin PBXVariantGroup section */
		E151EAE225A98B4D007B2995 /* LaunchScreen.storyboard */ = {
			isa = PBXVariantGroup;
			children = (
				E151EAE325A98B4D007B2995 /* Base */,
			);
			name = LaunchScreen.storyboard;
			sourceTree = "<group>";
		};
/* End PBXVariantGroup section */

/* Begin XCBuildConfiguration section */
		E151EAE625A98B4D007B2995 /* Debug */ = {
			isa = XCBuildConfiguration;
			buildSettings = {
				ALWAYS_SEARCH_USER_PATHS = NO;
				CLANG_ANALYZER_NONNULL = YES;
				CLANG_ANALYZER_NUMBER_OBJECT_CONVERSION = YES_AGGRESSIVE;
				CLANG_CXX_LANGUAGE_STANDARD = "gnu++14";
				CLANG_CXX_LIBRARY = "libc++";
				CLANG_ENABLE_MODULES = YES;
				CLANG_ENABLE_OBJC_ARC = YES;
				CLANG_ENABLE_OBJC_WEAK = YES;
				CLANG_WARN_BLOCK_CAPTURE_AUTORELEASING = YES;
				CLANG_WARN_BOOL_CONVERSION = YES;
				CLANG_WARN_COMMA = YES;
				CLANG_WARN_CONSTANT_CONVERSION = YES;
				CLANG_WARN_DEPRECATED_OBJC_IMPLEMENTATIONS = YES;
				CLANG_WARN_DIRECT_OBJC_ISA_USAGE = YES_ERROR;
				CLANG_WARN_DOCUMENTATION_COMMENTS = YES;
				CLANG_WARN_EMPTY_BODY = YES;
				CLANG_WARN_ENUM_CONVERSION = YES;
				CLANG_WARN_INFINITE_RECURSION = YES;
				CLANG_WARN_INT_CONVERSION = YES;
				CLANG_WARN_NON_LITERAL_NULL_CONVERSION = YES;
				CLANG_WARN_OBJC_IMPLICIT_RETAIN_SELF = YES;
				CLANG_WARN_OBJC_LITERAL_CONVERSION = YES;
				CLANG_WARN_OBJC_ROOT_CLASS = YES_ERROR;
				CLANG_WARN_QUOTED_INCLUDE_IN_FRAMEWORK_HEADER = YES;
				CLANG_WARN_RANGE_LOOP_ANALYSIS = YES;
				CLANG_WARN_STRICT_PROTOTYPES = YES;
				CLANG_WARN_SUSPICIOUS_MOVE = YES;
				CLANG_WARN_UNGUARDED_AVAILABILITY = YES_AGGRESSIVE;
				CLANG_WARN_UNREACHABLE_CODE = YES;
				CLANG_WARN__DUPLICATE_METHOD_MATCH = YES;
				COPY_PHASE_STRIP = NO;
				DEBUG_INFORMATION_FORMAT = dwarf;
				ENABLE_STRICT_OBJC_MSGSEND = YES;
				ENABLE_TESTABILITY = YES;
				GCC_C_LANGUAGE_STANDARD = gnu11;
				GCC_DYNAMIC_NO_PIC = NO;
				GCC_NO_COMMON_BLOCKS = YES;
				GCC_OPTIMIZATION_LEVEL = 0;
				GCC_PREPROCESSOR_DEFINITIONS = (
					"DEBUG=1",
					"$(inherited)",
				);
				GCC_WARN_64_TO_32_BIT_CONVERSION = YES;
				GCC_WARN_ABOUT_RETURN_TYPE = YES_ERROR;
				GCC_WARN_UNDECLARED_SELECTOR = YES;
				GCC_WARN_UNINITIALIZED_AUTOS = YES_AGGRESSIVE;
				GCC_WARN_UNUSED_FUNCTION = YES;
				GCC_WARN_UNUSED_VARIABLE = YES;
				IPHONEOS_DEPLOYMENT_TARGET = 14.0;
				MTL_ENABLE_DEBUG_INFO = INCLUDE_SOURCE;
				MTL_FAST_MATH = YES;
				ONLY_ACTIVE_ARCH = YES;
				SDKROOT = iphoneos;
				SWIFT_ACTIVE_COMPILATION_CONDITIONS = DEBUG;
				SWIFT_OPTIMIZATION_LEVEL = "-Onone";
			};
			name = Debug;
		};
		E151EAE725A98B4D007B2995 /* Release */ = {
			isa = XCBuildConfiguration;
			buildSettings = {
				ALWAYS_SEARCH_USER_PATHS = NO;
				CLANG_ANALYZER_NONNULL = YES;
				CLANG_ANALYZER_NUMBER_OBJECT_CONVERSION = YES_AGGRESSIVE;
				CLANG_CXX_LANGUAGE_STANDARD = "gnu++14";
				CLANG_CXX_LIBRARY = "libc++";
				CLANG_ENABLE_MODULES = YES;
				CLANG_ENABLE_OBJC_ARC = YES;
				CLANG_ENABLE_OBJC_WEAK = YES;
				CLANG_WARN_BLOCK_CAPTURE_AUTORELEASING = YES;
				CLANG_WARN_BOOL_CONVERSION = YES;
				CLANG_WARN_COMMA = YES;
				CLANG_WARN_CONSTANT_CONVERSION = YES;
				CLANG_WARN_DEPRECATED_OBJC_IMPLEMENTATIONS = YES;
				CLANG_WARN_DIRECT_OBJC_ISA_USAGE = YES_ERROR;
				CLANG_WARN_DOCUMENTATION_COMMENTS = YES;
				CLANG_WARN_EMPTY_BODY = YES;
				CLANG_WARN_ENUM_CONVERSION = YES;
				CLANG_WARN_INFINITE_RECURSION = YES;
				CLANG_WARN_INT_CONVERSION = YES;
				CLANG_WARN_NON_LITERAL_NULL_CONVERSION = YES;
				CLANG_WARN_OBJC_IMPLICIT_RETAIN_SELF = YES;
				CLANG_WARN_OBJC_LITERAL_CONVERSION = YES;
				CLANG_WARN_OBJC_ROOT_CLASS = YES_ERROR;
				CLANG_WARN_QUOTED_INCLUDE_IN_FRAMEWORK_HEADER = YES;
				CLANG_WARN_RANGE_LOOP_ANALYSIS = YES;
				CLANG_WARN_STRICT_PROTOTYPES = YES;
				CLANG_WARN_SUSPICIOUS_MOVE = YES;
				CLANG_WARN_UNGUARDED_AVAILABILITY = YES_AGGRESSIVE;
				CLANG_WARN_UNREACHABLE_CODE = YES;
				CLANG_WARN__DUPLICATE_METHOD_MATCH = YES;
				COPY_PHASE_STRIP = NO;
				DEBUG_INFORMATION_FORMAT = "dwarf-with-dsym";
				ENABLE_NS_ASSERTIONS = NO;
				ENABLE_STRICT_OBJC_MSGSEND = YES;
				GCC_C_LANGUAGE_STANDARD = gnu11;
				GCC_NO_COMMON_BLOCKS = YES;
				GCC_WARN_64_TO_32_BIT_CONVERSION = YES;
				GCC_WARN_ABOUT_RETURN_TYPE = YES_ERROR;
				GCC_WARN_UNDECLARED_SELECTOR = YES;
				GCC_WARN_UNINITIALIZED_AUTOS = YES_AGGRESSIVE;
				GCC_WARN_UNUSED_FUNCTION = YES;
				GCC_WARN_UNUSED_VARIABLE = YES;
				IPHONEOS_DEPLOYMENT_TARGET = 14.0;
				MTL_ENABLE_DEBUG_INFO = NO;
				MTL_FAST_MATH = YES;
				SDKROOT = iphoneos;
				SWIFT_COMPILATION_MODE = wholemodule;
				SWIFT_OPTIMIZATION_LEVEL = "-O";
				VALIDATE_PRODUCT = YES;
			};
			name = Release;
		};
		E151EAE925A98B4D007B2995 /* Debug */ = {
			isa = XCBuildConfiguration;
			baseConfigurationReference = E5FAC75390EB238500CAD79F /* Pods-StudyWebBrowser.debug.xcconfig */;
			buildSettings = {
				ASSETCATALOG_COMPILER_APPICON_NAME = AppIcon;
				ASSETCATALOG_COMPILER_GLOBAL_ACCENT_COLOR_NAME = AccentColor;
				CODE_SIGN_ENTITLEMENTS = StudyWebBrowser/StudyWebBrowser.entitlements;
				CODE_SIGN_STYLE = Automatic;
				DEVELOPMENT_ASSET_PATHS = "\"StudyWebBrowser/Preview Content\"";
				DEVELOPMENT_TEAM = MC27HKM86M;
				ENABLE_PREVIEWS = YES;
				INFOPLIST_FILE = StudyWebBrowser/Info.plist;
				LD_RUNPATH_SEARCH_PATHS = (
					"$(inherited)",
					"@executable_path/Frameworks",
				);
				PRODUCT_BUNDLE_IDENTIFIER = com.Ai.StudyWebBrowser;
				PRODUCT_NAME = "$(TARGET_NAME)";
				SUPPORTS_MACCATALYST = YES;
				SWIFT_VERSION = 5.0;
				TARGETED_DEVICE_FAMILY = 2;
			};
			name = Debug;
		};
		E151EAEA25A98B4D007B2995 /* Release */ = {
			isa = XCBuildConfiguration;
			baseConfigurationReference = 0251D987FCA6E7DAB1A811AE /* Pods-StudyWebBrowser.release.xcconfig */;
			buildSettings = {
				ASSETCATALOG_COMPILER_APPICON_NAME = AppIcon;
				ASSETCATALOG_COMPILER_GLOBAL_ACCENT_COLOR_NAME = AccentColor;
				CODE_SIGN_ENTITLEMENTS = StudyWebBrowser/StudyWebBrowser.entitlements;
				CODE_SIGN_STYLE = Automatic;
				DEVELOPMENT_ASSET_PATHS = "\"StudyWebBrowser/Preview Content\"";
				DEVELOPMENT_TEAM = MC27HKM86M;
				ENABLE_PREVIEWS = YES;
				INFOPLIST_FILE = StudyWebBrowser/Info.plist;
				LD_RUNPATH_SEARCH_PATHS = (
					"$(inherited)",
					"@executable_path/Frameworks",
				);
				PRODUCT_BUNDLE_IDENTIFIER = com.Ai.StudyWebBrowser;
				PRODUCT_NAME = "$(TARGET_NAME)";
				SUPPORTS_MACCATALYST = YES;
				SWIFT_VERSION = 5.0;
				TARGETED_DEVICE_FAMILY = 2;
			};
			name = Release;
		};
/* End XCBuildConfiguration section */

/* Begin XCConfigurationList section */
		E151EACF25A98B4B007B2995 /* Build configuration list for PBXProject "StudyWebBrowser" */ = {
			isa = XCConfigurationList;
			buildConfigurations = (
				E151EAE625A98B4D007B2995 /* Debug */,
				E151EAE725A98B4D007B2995 /* Release */,
			);
			defaultConfigurationIsVisible = 0;
			defaultConfigurationName = Release;
		};
		E151EAE825A98B4D007B2995 /* Build configuration list for PBXNativeTarget "StudyWebBrowser" */ = {
			isa = XCConfigurationList;
			buildConfigurations = (
				E151EAE925A98B4D007B2995 /* Debug */,
				E151EAEA25A98B4D007B2995 /* Release */,
			);
			defaultConfigurationIsVisible = 0;
			defaultConfigurationName = Release;
		};
/* End XCConfigurationList section */

/* Begin XCRemoteSwiftPackageReference section */
		E13849072624A07800DF9D1D /* XCRemoteSwiftPackageReference "firebase-ios-sdk" */ = {
			isa = XCRemoteSwiftPackageReference;
			repositoryURL = "https://github.com/firebase/firebase-ios-sdk.git";
			requirement = {
				kind = upToNextMajorVersion;
				minimumVersion = 7.10.0;
			};
		};
/* End XCRemoteSwiftPackageReference section */

/* Begin XCSwiftPackageProductDependency section */
		E13849082624A07800DF9D1D /* FirebaseFirestore */ = {
			isa = XCSwiftPackageProductDependency;
			package = E13849072624A07800DF9D1D /* XCRemoteSwiftPackageReference "firebase-ios-sdk" */;
			productName = FirebaseFirestore;
		};
		E138490A2624A07800DF9D1D /* FirebaseFirestoreSwift-Beta */ = {
			isa = XCSwiftPackageProductDependency;
			package = E13849072624A07800DF9D1D /* XCRemoteSwiftPackageReference "firebase-ios-sdk" */;
			productName = "FirebaseFirestoreSwift-Beta";
		};
/* End XCSwiftPackageProductDependency section */
	};
	rootObject = E151EACC25A98B4B007B2995 /* Project object */;
}
